
Microsoft Visual Studio Solution File, Format Version 10.00
# Visual Studio 2008
Project("{FAE04EC0-301F-11D3-BF4B-00C04F79EFBC}") = "Rack.Net", "Rack.Net\Rack.Net.csproj", "{4A372718-1DB1-4700-A2B7-0EF221AE4D3C}"
EndProject
Project("{FAE04EC0-301F-11D3-BF4B-00C04F79EFBC}") = "Rack.Net.Tests", "Rack.Net.Tests\Rack.Net.Tests.csproj", "{6023BC6F-6DFB-4A5F-9D47-A14D9A184586}"
EndProject
Project("{E24C65DC-7377-472B-9ABA-BC803B73C61A}") = "AspAdapter", "AspAdapter\", "{A5FB5D09-61CA-4AAB-9A89-4C97759E1898}"
	ProjectSection(WebsiteProperties) = preProject
		TargetFramework = "3.5"
		ProjectReferences = "{6023BC6F-6DFB-4A5F-9D47-A14D9A184586}|Rack.Net.Tests.dll;{4A372718-1DB1-4700-A2B7-0EF221AE4D3C}|Rack.Net.dll;"
		Debug.AspNetCompiler.VirtualPath = "/AspAdapter"
		Debug.AspNetCompiler.PhysicalPath = "AspAdapter\"
		Debug.AspNetCompiler.TargetPath = "PrecompiledWeb\AspAdapter\"
		Debug.AspNetCompiler.Updateable = "true"
		Debug.AspNetCompiler.ForceOverwrite = "true"
		Debug.AspNetCompiler.FixedNames = "false"
		Debug.AspNetCompiler.Debug = "True"
		Release.AspNetCompiler.VirtualPath = "/AspAdapter"
		Release.AspNetCompiler.PhysicalPath = "AspAdapter\"
		Release.AspNetCompiler.TargetPath = "PrecompiledWeb\AspAdapter\"
		Release.AspNetCompiler.Updateable = "true"
		Release.AspNetCompiler.ForceOverwrite = "true"
		Release.AspNetCompiler.FixedNames = "false"
		Release.AspNetCompiler.Debug = "False"
		VWDPort = "51614"
		DefaultWebSiteLanguage = "Visual C#"
	EndProjectSection
EndProject
Global
	GlobalSection(SolutionConfigurationPlatforms) = preSolution
		Debug|Any CPU = Debug|Any CPU
		Release|Any CPU = Release|Any CPU
	EndGlobalSection
	GlobalSection(ProjectConfigurationPlatforms) = postSolution
		{4A372718-1DB1-4700-A2B7-0EF221AE4D3C}.Debug|Any CPU.ActiveCfg = Debug|Any CPU
		{4A372718-1DB1-4700-A2B7-0EF221AE4D3C}.Debug|Any CPU.Build.0 = Debug|Any CPU
		{4A372718-1DB1-4700-A2B7-0EF221AE4D3C}.Release|Any CPU.ActiveCfg = Release|Any CPU
		{4A372718-1DB1-4700-A2B7-0EF221AE4D3C}.Release|Any CPU.Build.0 = Release|Any CPU
		{6023BC6F-6DFB-4A5F-9D47-A14D9A184586}.Debug|Any CPU.ActiveCfg = Debug|Any CPU
		{6023BC6F-6DFB-4A5F-9D47-A14D9A184586}.Debug|Any CPU.Build.0 = Debug|Any CPU
		{6023BC6F-6DFB-4A5F-9D47-A14D9A184586}.Release|Any CPU.ActiveCfg = Release|Any CPU
		{6023BC6F-6DFB-4A5F-9D47-A14D9A184586}.Release|Any CPU.Build.0 = Release|Any CPU
		{A5FB5D09-61CA-4AAB-9A89-4C97759E1898}.Debug|Any CPU.ActiveCfg = Debug|Any CPU
		{A5FB5D09-61CA-4AAB-9A89-4C97759E1898}.Debug|Any CPU.Build.0 = Debug|Any CPU
		{A5FB5D09-61CA-4AAB-9A89-4C97759E1898}.Release|Any CPU.ActiveCfg = Debug|Any CPU
		{A5FB5D09-61CA-4AAB-9A89-4C97759E1898}.Release|Any CPU.Build.0 = Debug|Any CPU
	EndGlobalSection
	GlobalSection(SolutionProperties) = preSolution
		HideSolutionNode = FALSE
	EndGlobalSection
EndGlobal
